
Microsoft Visual Studio Solution File, Format Version 12.00
# Visual Studio Version 17
VisualStudioVersion = 17.3.32922.545
MinimumVisualStudioVersion = 10.0.40219.1
Project("{9A19103F-16F7-4668-BE54-9A1E7A4F7556}") = "Terra-AspNetCoreTS", "Terra-AspNetCoreTS\Terra-AspNetCoreTS.csproj", "{6BDE3C2D-A273-402B-A521-25DEAE4DDADD}"
EndProject
Global
	GlobalSection(SolutionConfigurationPlatforms) = preSolution
		Debug|Any CPU = Debug|Any CPU
		Release|Any CPU = Release|Any CPU
	EndGlobalSection
	GlobalSection(ProjectConfigurationPlatforms) = postSolution
		{6BDE3C2D-A273-402B-A521-25DEAE4DDADD}.Debug|Any CPU.ActiveCfg = Debug|Any CPU
		{6BDE3C2D-A273-402B-A521-25DEAE4DDADD}.Debug|Any CPU.Build.0 = Debug|Any CPU
		{6BDE3C2D-A273-402B-A521-25DEAE4DDADD}.Release|Any CPU.ActiveCfg = Release|Any CPU
		{6BDE3C2D-A273-402B-A521-25DEAE4DDADD}.Release|Any CPU.Build.0 = Release|Any CPU
	EndGlobalSection
	GlobalSection(SolutionProperties) = preSolution
		HideSolutionNode = FALSE
	EndGlobalSection
	GlobalSection(ExtensibilityGlobals) = postSolution
		SolutionGuid = {08264906-E002-424E-8A12-D281BE77EC68}
	EndGlobalSection
EndGlobal
